// !$*UTF8*$!
{
	archiveVersion = 1;
	classes = {
	};
	objectVersion = 46;
	objects = {

/* Begin PBXBuildFile section */
		779C750F1EC27AAE0012FEEA /* AppDelegate.swift in Sources */ = {isa = PBXBuildFile; fileRef = 779C750E1EC27AAE0012FEEA /* AppDelegate.swift */; };
		779C75111EC27AAE0012FEEA /* ViewController.swift in Sources */ = {isa = PBXBuildFile; fileRef = 779C75101EC27AAE0012FEEA /* ViewController.swift */; };
		779C75141EC27AAE0012FEEA /* Main.storyboard in Resources */ = {isa = PBXBuildFile; fileRef = 779C75121EC27AAE0012FEEA /* Main.storyboard */; };
		779C75161EC27AAE0012FEEA /* Assets.xcassets in Resources */ = {isa = PBXBuildFile; fileRef = 779C75151EC27AAE0012FEEA /* Assets.xcassets */; };
		779C75191EC27AAE0012FEEA /* LaunchScreen.storyboard in Resources */ = {isa = PBXBuildFile; fileRef = 779C75171EC27AAE0012FEEA /* LaunchScreen.storyboard */; };
		779C75221EC27CC70012FEEA /* DASorting.framework in Frameworks */ = {isa = PBXBuildFile; fileRef = 779C75211EC27CC70012FEEA /* DASorting.framework */; };
/* End PBXBuildFile section */

/* Begin PBXFileReference section */
		779C750B1EC27AAE0012FEEA /* DACarthageExample.app */ = {isa = PBXFileReference; explicitFileType = wrapper.application; includeInIndex = 0; path = DACarthageExample.app; sourceTree = BUILT_PRODUCTS_DIR; };
		779C750E1EC27AAE0012FEEA /* AppDelegate.swift */ = {isa = PBXFileReference; lastKnownFileType = sourcecode.swift; path = AppDelegate.swift; sourceTree = "<group>"; };
		779C75101EC27AAE0012FEEA /* ViewController.swift */ = {isa = PBXFileReference; lastKnownFileType = sourcecode.swift; path = ViewController.swift; sourceTree = "<group>"; };
		779C75131EC27AAE0012FEEA /* Base */ = {isa = PBXFileReference; lastKnownFileType = file.storyboard; name = Base; path = Base.lproj/Main.storyboard; sourceTree = "<group>"; };
		779C75151EC27AAE0012FEEA /* Assets.xcassets */ = {isa = PBXFileReference; lastKnownFileType = folder.assetcatalog; path = Assets.xcassets; sourceTree = "<group>"; };
		779C75181EC27AAE0012FEEA /* Base */ = {isa = PBXFileReference; lastKnownFileType = file.storyboard; name = Base; path = Base.lproj/LaunchScreen.storyboard; sourceTree = "<group>"; };
		779C751A1EC27AAE0012FEEA /* Info.plist */ = {isa = PBXFileReference; lastKnownFileType = text.plist.xml; path = Info.plist; sourceTree = "<group>"; };
		779C75211EC27CC70012FEEA /* DASorting.framework */ = {isa = PBXFileReference; lastKnownFileType = wrapper.framework; name = DASorting.framework; path = Carthage/Build/iOS/DASorting.framework; sourceTree = "<group>"; };
/* End PBXFileReference section */

/* Begin PBXFrameworksBuildPhase section */
		779C75081EC27AAE0012FEEA /* Frameworks */ = {
			isa = PBXFrameworksBuildPhase;
			buildActionMask = 2147483647;
			files = (
				779C75221EC27CC70012FEEA /* DASorting.framework in Frameworks */,
			);
			runOnlyForDeploymentPostprocessing = 0;
		};
/* End PBXFrameworksBuildPhase section */

/* Begin PBXGroup section */
		779C75021EC27AAE0012FEEA = {
			isa = PBXGroup;
			children = (
				779C750D1EC27AAE0012FEEA /* DACarthageExample */,
				779C750C1EC27AAE0012FEEA /* Products */,
				779C75201EC27CC60012FEEA /* Frameworks */,
			);
			sourceTree = "<group>";
		};
		779C750C1EC27AAE0012FEEA /* Products */ = {
			isa = PBXGroup;
			children = (
				779C750B1EC27AAE0012FEEA /* DACarthageExample.app */,
			);
			name = Products;
			sourceTree = "<group>";
		};
		779C750D1EC27AAE0012FEEA /* DACarthageExample */ = {
			isa = PBXGroup;
			children = (
				779C750E1EC27AAE0012FEEA /* AppDelegate.swift */,
				779C75101EC27AAE0012FEEA /* ViewController.swift */,
				779C75121EC27AAE0012FEEA /* Main.storyboard */,
				779C75151EC27AAE0012FEEA /* Assets.xcassets */,
				779C75171EC27AAE0012FEEA /* LaunchScreen.storyboard */,
				779C751A1EC27AAE0012FEEA /* Info.plist */,
			);
			path = DACarthageExample;
			sourceTree = "<group>";
		};
		779C75201EC27CC60012FEEA /* Frameworks */ = {
			isa = PBXGroup;
			children = (
				779C75211EC27CC70012FEEA /* DASorting.framework */,
			);
			name = Frameworks;
			sourceTree = "<group>";
		};
/* End PBXGroup section */

/* Begin PBXNativeTarget section */
		779C750A1EC27AAE0012FEEA /* DACarthageExample */ = {
			isa = PBXNativeTarget;
			buildConfigurationList = 779C751D1EC27AAE0012FEEA /* Build configuration list for PBXNativeTarget "DACarthageExample" */;
			buildPhases = (
				779C75071EC27AAE0012FEEA /* Sources */,
				779C75081EC27AAE0012FEEA /* Frameworks */,
				779C75091EC27AAE0012FEEA /* Resources */,
				779C75231EC27D3E0012FEEA /* ShellScript */,
			);
			buildRules = (
			);
			dependencies = (
			);
			name = DACarthageExample;
			productName = DACarthageExample;
			productReference = 779C750B1EC27AAE0012FEEA /* DACarthageExample.app */;
			productType = "com.apple.product-type.application";
		};
/* End PBXNativeTarget section */

/* Begin PBXProject section */
		779C75031EC27AAE0012FEEA /* Project object */ = {
			isa = PBXProject;
			attributes = {
				LastSwiftUpdateCheck = 0830;
				LastUpgradeCheck = 0830;
				ORGANIZATIONNAME = Dejan;
				TargetAttributes = {
					779C750A1EC27AAE0012FEEA = {
						CreatedOnToolsVersion = 8.3.2;
						DevelopmentTeam = V7FR7N29C2;
						ProvisioningStyle = Automatic;
					};
				};
			};
			buildConfigurationList = 779C75061EC27AAE0012FEEA /* Build configuration list for PBXProject "DACarthageExample" */;
			compatibilityVersion = "Xcode 3.2";
			developmentRegion = English;
			hasScannedForEncodings = 0;
			knownRegions = (
				en,
				Base,
			);
			mainGroup = 779C75021EC27AAE0012FEEA;
			productRefGroup = 779C750C1EC27AAE0012FEEA /* Products */;
			projectDirPath = "";
			projectRoot = "";
			targets = (
				779C750A1EC27AAE0012FEEA /* DACarthageExample */,
			);
		};
/* End PBXProject section */

/* Begin PBXResourcesBuildPhase section */
		779C75091EC27AAE0012FEEA /* Resources */ = {
			isa = PBXResourcesBuildPhase;
			buildActionMask = 2147483647;
			files = (
				779C75191EC27AAE0012FEEA /* LaunchScreen.storyboard in Resources */,
				779C75161EC27AAE0012FEEA /* Assets.xcassets in Resources */,
				779C75141EC27AAE0012FEEA /* Main.storyboard in Resources */,
			);
			runOnlyForDeploymentPostprocessing = 0;
		};
/* End PBXResourcesBuildPhase section */

/* Begin PBXShellScriptBuildPhase section */
		779C75231EC27D3E0012FEEA /* ShellScript */ = {
			isa = PBXShellScriptBuildPhase;
			buildActionMask = 2147483647;
			files = (
			);
			inputPaths = (
				"$(SRCROOT)/Carthage/Build/iOS/DASorting.framework",
			);
			outputPaths = (
			);
			runOnlyForDeploymentPostprocessing = 0;
			shellPath = /bin/sh;
			shellScript = "/usr/local/bin/carthage copy-frameworks";
		};
/* End PBXShellScriptBuildPhase section */

/* Begin PBXSourcesBuildPhase section */
		779C75071EC27AAE0012FEEA /* Sources */ = {
			isa = PBXSourcesBuildPhase;
			buildActionMask = 2147483647;
			files = (
				779C75111EC27AAE0012FEEA /* ViewController.swift in Sources */,
				779C750F1EC27AAE0012FEEA /* AppDelegate.swift in Sources */,
			);
			runOnlyForDeploymentPostprocessing = 0;
		};
/* End PBXSourcesBuildPhase section */

/* Begin PBXVariantGroup section */
		779C75121EC27AAE0012FEEA /* Main.storyboard */ = {
			isa = PBXVariantGroup;
			children = (
				779C75131EC27AAE0012FEEA /* Base */,
			);
			name = Main.storyboard;
			sourceTree = "<group>";
		};
		779C75171EC27AAE0012FEEA /* LaunchScreen.storyboard */ = {
			isa = PBXVariantGroup;
			children = (
				779C75181EC27AAE0012FEEA /* Base */,
			);
			name = LaunchScreen.storyboard;
			sourceTree = "<group>";
		};
/* End PBXVariantGroup section */

/* Begin XCBuildConfiguration section */
		779C751B1EC27AAE0012FEEA /* Debug */ = {
			isa = XCBuildConfiguration;
			buildSettings = {
				ALWAYS_SEARCH_USER_PATHS = NO;
				CLANG_ANALYZER_NONNULL = YES;
				CLANG_ANALYZER_NUMBER_OBJECT_CONVERSION = YES_AGGRESSIVE;
				CLANG_CXX_LANGUAGE_STANDARD = "gnu++0x";
				CLANG_CXX_LIBRARY = "libc++";
				CLANG_ENABLE_MODULES = YES;
				CLANG_ENABLE_OBJC_ARC = YES;
				CLANG_WARN_BOOL_CONVERSION = YES;
				CLANG_WARN_CONSTANT_CONVERSION = YES;
				CLANG_WARN_DIRECT_OBJC_ISA_USAGE = YES_ERROR;
				CLANG_WARN_DOCUMENTATION_COMMENTS = YES;
				CLANG_WARN_EMPTY_BODY = YES;
				CLANG_WARN_ENUM_CONVERSION = YES;
				CLANG_WARN_INFINITE_RECURSION = YES;
				CLANG_WARN_INT_CONVERSION = YES;
				CLANG_WARN_OBJC_ROOT_CLASS = YES_ERROR;
				CLANG_WARN_SUSPICIOUS_MOVE = YES;
				CLANG_WARN_UNREACHABLE_CODE = YES;
				CLANG_WARN__DUPLICATE_METHOD_MATCH = YES;
				"CODE_SIGN_IDENTITY[sdk=iphoneos*]" = "iPhone Developer";
				COPY_PHASE_STRIP = NO;
				DEBUG_INFORMATION_FORMAT = dwarf;
				ENABLE_STRICT_OBJC_MSGSEND = YES;
				ENABLE_TESTABILITY = YES;
				GCC_C_LANGUAGE_STANDARD = gnu99;
				GCC_DYNAMIC_NO_PIC = NO;
				GCC_NO_COMMON_BLOCKS = YES;
				GCC_OPTIMIZATION_LEVEL = 0;
				GCC_PREPROCESSOR_DEFINITIONS = (
					"DEBUG=1",
					"$(inherited)",
				);
				GCC_WARN_64_TO_32_BIT_CONVERSION = YES;
				GCC_WARN_ABOUT_RETURN_TYPE = YES_ERROR;
				GCC_WARN_UNDECLARED_SELECTOR = YES;
				GCC_WARN_UNINITIALIZED_AUTOS = YES_AGGRESSIVE;
				GCC_WARN_UNUSED_FUNCTION = YES;
				GCC_WARN_UNUSED_VARIABLE = YES;
				IPHONEOS_DEPLOYMENT_TARGET = 10.3;
				MTL_ENABLE_DEBUG_INFO = YES;
				ONLY_ACTIVE_ARCH = YES;
				SDKROOT = iphoneos;
				SWIFT_ACTIVE_COMPILATION_CONDITIONS = DEBUG;
				SWIFT_OPTIMIZATION_LEVEL = "-Onone";
				TARGETED_DEVICE_FAMILY = "1,2";
			};
			name = Debug;
		};
		779C751C1EC27AAE0012FEEA /* Release */ = {
			isa = XCBuildConfiguration;
			buildSettings = {
				ALWAYS_SEARCH_USER_PATHS = NO;
				CLANG_ANALYZER_NONNULL = YES;
				CLANG_ANALYZER_NUMBER_OBJECT_CONVERSION = YES_AGGRESSIVE;
				CLANG_CXX_LANGUAGE_STANDARD = "gnu++0x";
				CLANG_CXX_LIBRARY = "libc++";
				CLANG_ENABLE_MODULES = YES;
				CLANG_ENABLE_OBJC_ARC = YES;
				CLANG_WARN_BOOL_CONVERSION = YES;
				CLANG_WARN_CONSTANT_CONVERSION = YES;
				CLANG_WARN_DIRECT_OBJC_ISA_USAGE = YES_ERROR;
				CLANG_WARN_DOCUMENTATION_COMMENTS = YES;
				CLANG_WARN_EMPTY_BODY = YES;
				CLANG_WARN_ENUM_CONVERSION = YES;
				CLANG_WARN_INFINITE_RECURSION = YES;
				CLANG_WARN_INT_CONVERSION = YES;
				CLANG_WARN_OBJC_ROOT_CLASS = YES_ERROR;
				CLANG_WARN_SUSPICIOUS_MOVE = YES;
				CLANG_WARN_UNREACHABLE_CODE = YES;
				CLANG_WARN__DUPLICATE_METHOD_MATCH = YES;
				"CODE_SIGN_IDENTITY[sdk=iphoneos*]" = "iPhone Developer";
				COPY_PHASE_STRIP = NO;
				DEBUG_INFORMATION_FORMAT = "dwarf-with-dsym";
				ENABLE_NS_ASSERTIONS = NO;
				ENABLE_STRICT_OBJC_MSGSEND = YES;
				GCC_C_LANGUAGE_STANDARD = gnu99;
				GCC_NO_COMMON_BLOCKS = YES;
				GCC_WARN_64_TO_32_BIT_CONVERSION = YES;
				GCC_WARN_ABOUT_RETURN_TYPE = YES_ERROR;
				GCC_WARN_UNDECLARED_SELECTOR = YES;
				GCC_WARN_UNINITIALIZED_AUTOS = YES_AGGRESSIVE;
				GCC_WARN_UNUSED_FUNCTION = YES;
				GCC_WARN_UNUSED_VARIABLE = YES;
				IPHONEOS_DEPLOYMENT_TARGET = 10.3;
				MTL_ENABLE_DEBUG_INFO = NO;
				SDKROOT = iphoneos;
				SWIFT_OPTIMIZATION_LEVEL = "-Owholemodule";
				TARGETED_DEVICE_FAMILY = "1,2";
				VALIDATE_PRODUCT = YES;
			};
			name = Release;
		};
		779C751E1EC27AAE0012FEEA /* Debug */ = {
			isa = XCBuildConfiguration;
			buildSettings = {
				ASSETCATALOG_COMPILER_APPICON_NAME = AppIcon;
				DEVELOPMENT_TEAM = V7FR7N29C2;
				FRAMEWORK_SEARCH_PATHS = (
					"$(inherited)",
					"$(PROJECT_DIR)/Carthage/Build/iOS",
				);
				INFOPLIST_FILE = DACarthageExample/Info.plist;
				LD_RUNPATH_SEARCH_PATHS = "$(inherited) @executable_path/Frameworks";
				PRODUCT_BUNDLE_IDENTIFIER = agostini.tech.DACarthageExample;
				PRODUCT_NAME = "$(TARGET_NAME)";
				SWIFT_VERSION = 3.0;
			};
			name = Debug;
		};
		779C751F1EC27AAE0012FEEA /* Release */ = {
			isa = XCBuildConfiguration;
			buildSettings = {
				ASSETCATALOG_COMPILER_APPICON_NAME = AppIcon;
				DEVELOPMENT_TEAM = V7FR7N29C2;
				FRAMEWORK_SEARCH_PATHS = (
					"$(inherited)",
					"$(PROJECT_DIR)/Carthage/Build/iOS",
				);
				INFOPLIST_FILE = DACarthageExample/Info.plist;
				LD_RUNPATH_SEARCH_PATHS = "$(inherited) @executable_path/Frameworks";
				PRODUCT_BUNDLE_IDENTIFIER = agostini.tech.DACarthageExample;
				PRODUCT_NAME = "$(TARGET_NAME)";
				SWIFT_VERSION = 3.0;
			};
			name = Release;
		};
/* End XCBuildConfiguration section */

/* Begin XCConfigurationList section */
		779C75061EC27AAE0012FEEA /* Build configuration list for PBXProject "DACarthageExample" */ = {
			isa = XCConfigurationList;
			buildConfigurations = (
				779C751B1EC27AAE0012FEEA /* Debug */,
				779C751C1EC27AAE0012FEEA /* Release */,
			);
			defaultConfigurationIsVisible = 0;
			defaultConfigurationName = Release;
		};
		779C751D1EC27AAE0012FEEA /* Build configuration list for PBXNativeTarget "DACarthageExample" */ = {
			isa = XCConfigurationList;
			buildConfigurations = (
				779C751E1EC27AAE0012FEEA /* Debug */,
				779C751F1EC27AAE0012FEEA /* Release */,
			);
			defaultConfigurationIsVisible = 0;
		};
/* End XCConfigurationList section */
	};
	rootObject = 779C75031EC27AAE0012FEEA /* Project object */;
}
